// !$*UTF8*$!
{
	archiveVersion = 1;
	classes = {
	};
	objectVersion = 55;
	objects = {

/* Begin PBXBuildFile section */
		E8D847022706CB3300C7B0EC /* LifecycleDemoApp.swift in Sources */ = {isa = PBXBuildFile; fileRef = E8D846F22706CB2F00C7B0EC /* LifecycleDemoApp.swift */; };
		E8D847032706CB3300C7B0EC /* LifecycleDemoApp.swift in Sources */ = {isa = PBXBuildFile; fileRef = E8D846F22706CB2F00C7B0EC /* LifecycleDemoApp.swift */; };
		E8D847042706CB3300C7B0EC /* ContentView.swift in Sources */ = {isa = PBXBuildFile; fileRef = E8D846F32706CB2F00C7B0EC /* ContentView.swift */; };
		E8D847052706CB3300C7B0EC /* ContentView.swift in Sources */ = {isa = PBXBuildFile; fileRef = E8D846F32706CB2F00C7B0EC /* ContentView.swift */; };
		E8D847062706CB3300C7B0EC /* Assets.xcassets in Resources */ = {isa = PBXBuildFile; fileRef = E8D846F42706CB3300C7B0EC /* Assets.xcassets */; };
		E8D847072706CB3300C7B0EC /* Assets.xcassets in Resources */ = {isa = PBXBuildFile; fileRef = E8D846F42706CB3300C7B0EC /* Assets.xcassets */; };
		E8D847112706CC1400C7B0EC /* FirstTabView.swift in Sources */ = {isa = PBXBuildFile; fileRef = E8D847102706CC1400C7B0EC /* FirstTabView.swift */; };
		E8D847122706CC1400C7B0EC /* FirstTabView.swift in Sources */ = {isa = PBXBuildFile; fileRef = E8D847102706CC1400C7B0EC /* FirstTabView.swift */; };
		E8D847142706CC2700C7B0EC /* SecondTabView.swift in Sources */ = {isa = PBXBuildFile; fileRef = E8D847132706CC2700C7B0EC /* SecondTabView.swift */; };
		E8D847152706CC2700C7B0EC /* SecondTabView.swift in Sources */ = {isa = PBXBuildFile; fileRef = E8D847132706CC2700C7B0EC /* SecondTabView.swift */; };
/* End PBXBuildFile section */

/* Begin PBXFileReference section */
		E8D846F22706CB2F00C7B0EC /* LifecycleDemoApp.swift */ = {isa = PBXFileReference; lastKnownFileType = sourcecode.swift; path = LifecycleDemoApp.swift; sourceTree = "<group>"; };
		E8D846F32706CB2F00C7B0EC /* ContentView.swift */ = {isa = PBXFileReference; lastKnownFileType = sourcecode.swift; path = ContentView.swift; sourceTree = "<group>"; };
		E8D846F42706CB3300C7B0EC /* Assets.xcassets */ = {isa = PBXFileReference; lastKnownFileType = folder.assetcatalog; path = Assets.xcassets; sourceTree = "<group>"; };
		E8D846F92706CB3300C7B0EC /* LifecycleDemo.app */ = {isa = PBXFileReference; explicitFileType = wrapper.application; includeInIndex = 0; path = LifecycleDemo.app; sourceTree = BUILT_PRODUCTS_DIR; };
		E8D846FF2706CB3300C7B0EC /* LifecycleDemo.app */ = {isa = PBXFileReference; explicitFileType = wrapper.application; includeInIndex = 0; path = LifecycleDemo.app; sourceTree = BUILT_PRODUCTS_DIR; };
		E8D847012706CB3300C7B0EC /* macOS.entitlements */ = {isa = PBXFileReference; lastKnownFileType = text.plist.entitlements; path = macOS.entitlements; sourceTree = "<group>"; };
		E8D847102706CC1400C7B0EC /* FirstTabView.swift */ = {isa = PBXFileReference; lastKnownFileType = sourcecode.swift; path = FirstTabView.swift; sourceTree = "<group>"; };
		E8D847132706CC2700C7B0EC /* SecondTabView.swift */ = {isa = PBXFileReference; lastKnownFileType = sourcecode.swift; path = SecondTabView.swift; sourceTree = "<group>"; };
/* End PBXFileReference section */

/* Begin PBXFrameworksBuildPhase section */
		E8D846F62706CB3300C7B0EC /* Frameworks */ = {
			isa = PBXFrameworksBuildPhase;
			buildActionMask = 2147483647;
			files = (
			);
			runOnlyForDeploymentPostprocessing = 0;
		};
		E8D846FC2706CB3300C7B0EC /* Frameworks */ = {
			isa = PBXFrameworksBuildPhase;
			buildActionMask = 2147483647;
			files = (
			);
			runOnlyForDeploymentPostprocessing = 0;
		};
/* End PBXFrameworksBuildPhase section */

/* Begin PBXGroup section */
		E8D846EC2706CB2F00C7B0EC = {
			isa = PBXGroup;
			children = (
				E8D846F12706CB2F00C7B0EC /* Shared */,
				E8D847002706CB3300C7B0EC /* macOS */,
				E8D846FA2706CB3300C7B0EC /* Products */,
			);
			sourceTree = "<group>";
		};
		E8D846F12706CB2F00C7B0EC /* Shared */ = {
			isa = PBXGroup;
			children = (
				E8D846F22706CB2F00C7B0EC /* LifecycleDemoApp.swift */,
				E8D846F32706CB2F00C7B0EC /* ContentView.swift */,
				E8D846F42706CB3300C7B0EC /* Assets.xcassets */,
				E8D847102706CC1400C7B0EC /* FirstTabView.swift */,
				E8D847132706CC2700C7B0EC /* SecondTabView.swift */,
			);
			path = Shared;
			sourceTree = "<group>";
		};
		E8D846FA2706CB3300C7B0EC /* Products */ = {
			isa = PBXGroup;
			children = (
				E8D846F92706CB3300C7B0EC /* LifecycleDemo.app */,
				E8D846FF2706CB3300C7B0EC /* LifecycleDemo.app */,
			);
			name = Products;
			sourceTree = "<group>";
		};
		E8D847002706CB3300C7B0EC /* macOS */ = {
			isa = PBXGroup;
			children = (
				E8D847012706CB3300C7B0EC /* macOS.entitlements */,
			);
			path = macOS;
			sourceTree = "<group>";
		};
/* End PBXGroup section */

/* Begin PBXNativeTarget section */
		E8D846F82706CB3300C7B0EC /* LifecycleDemo (iOS) */ = {
			isa = PBXNativeTarget;
			buildConfigurationList = E8D8470A2706CB3300C7B0EC /* Build configuration list for PBXNativeTarget "LifecycleDemo (iOS)" */;
			buildPhases = (
				E8D846F52706CB3300C7B0EC /* Sources */,
				E8D846F62706CB3300C7B0EC /* Frameworks */,
				E8D846F72706CB3300C7B0EC /* Resources */,
			);
			buildRules = (
			);
			dependencies = (
			);
			name = "LifecycleDemo (iOS)";
			productName = "LifecycleDemo (iOS)";
			productReference = E8D846F92706CB3300C7B0EC /* LifecycleDemo.app */;
			productType = "com.apple.product-type.application";
		};
		E8D846FE2706CB3300C7B0EC /* LifecycleDemo (macOS) */ = {
			isa = PBXNativeTarget;
			buildConfigurationList = E8D8470D2706CB3300C7B0EC /* Build configuration list for PBXNativeTarget "LifecycleDemo (macOS)" */;
			buildPhases = (
				E8D846FB2706CB3300C7B0EC /* Sources */,
				E8D846FC2706CB3300C7B0EC /* Frameworks */,
				E8D846FD2706CB3300C7B0EC /* Resources */,
			);
			buildRules = (
			);
			dependencies = (
			);
			name = "LifecycleDemo (macOS)";
			productName = "LifecycleDemo (macOS)";
			productReference = E8D846FF2706CB3300C7B0EC /* LifecycleDemo.app */;
			productType = "com.apple.product-type.application";
		};
/* End PBXNativeTarget section */

/* Begin PBXProject section */
		E8D846ED2706CB2F00C7B0EC /* Project object */ = {
			isa = PBXProject;
			attributes = {
				BuildIndependentTargetsInParallel = 1;
				LastSwiftUpdateCheck = 1300;
				LastUpgradeCheck = 1300;
				TargetAttributes = {
					E8D846F82706CB3300C7B0EC = {
						CreatedOnToolsVersion = 13.0;
					};
					E8D846FE2706CB3300C7B0EC = {
						CreatedOnToolsVersion = 13.0;
					};
				};
			};
			buildConfigurationList = E8D846F02706CB2F00C7B0EC /* Build configuration list for PBXProject "LifecycleDemo" */;
			compatibilityVersion = "Xcode 13.0";
			developmentRegion = en;
			hasScannedForEncodings = 0;
			knownRegions = (
				en,
				Base,
			);
			mainGroup = E8D846EC2706CB2F00C7B0EC;
			productRefGroup = E8D846FA2706CB3300C7B0EC /* Products */;
			projectDirPath = "";
			projectRoot = "";
			targets = (
				E8D846F82706CB3300C7B0EC /* LifecycleDemo (iOS) */,
				E8D846FE2706CB3300C7B0EC /* LifecycleDemo (macOS) */,
			);
		};
/* End PBXProject section */

/* Begin PBXResourcesBuildPhase section */
		E8D846F72706CB3300C7B0EC /* Resources */ = {
			isa = PBXResourcesBuildPhase;
			buildActionMask = 2147483647;
			files = (
				E8D847062706CB3300C7B0EC /* Assets.xcassets in Resources */,
			);
			runOnlyForDeploymentPostprocessing = 0;
		};
		E8D846FD2706CB3300C7B0EC /* Resources */ = {
			isa = PBXResourcesBuildPhase;
			buildActionMask = 2147483647;
			files = (
				E8D847072706CB3300C7B0EC /* Assets.xcassets in Resources */,
			);
			runOnlyForDeploymentPostprocessing = 0;
		};
/* End PBXResourcesBuildPhase section */

/* Begin PBXSourcesBuildPhase section */
		E8D846F52706CB3300C7B0EC /* Sources */ = {
			isa = PBXSourcesBuildPhase;
			buildActionMask = 2147483647;
			files = (
				E8D847142706CC2700C7B0EC /* SecondTabView.swift in Sources */,
				E8D847042706CB3300C7B0EC /* ContentView.swift in Sources */,
				E8D847112706CC1400C7B0EC /* FirstTabView.swift in Sources */,
				E8D847022706CB3300C7B0EC /* LifecycleDemoApp.swift in Sources */,
			);
			runOnlyForDeploymentPostprocessing = 0;
		};
		E8D846FB2706CB3300C7B0EC /* Sources */ = {
			isa = PBXSourcesBuildPhase;
			buildActionMask = 2147483647;
			files = (
				E8D847152706CC2700C7B0EC /* SecondTabView.swift in Sources */,
				E8D847052706CB3300C7B0EC /* ContentView.swift in Sources */,
				E8D847122706CC1400C7B0EC /* FirstTabView.swift in Sources */,
				E8D847032706CB3300C7B0EC /* LifecycleDemoApp.swift in Sources */,
			);
			runOnlyForDeploymentPostprocessing = 0;
		};
/* End PBXSourcesBuildPhase section */

/* Begin XCBuildConfiguration section */
		E8D847082706CB3300C7B0EC /* Debug */ = {
			isa = XCBuildConfiguration;
			buildSettings = {
				ALWAYS_SEARCH_USER_PATHS = NO;
				CLANG_ANALYZER_NONNULL = YES;
				CLANG_ANALYZER_NUMBER_OBJECT_CONVERSION = YES_AGGRESSIVE;
				CLANG_CXX_LANGUAGE_STANDARD = "gnu++17";
				CLANG_CXX_LIBRARY = "libc++";
				CLANG_ENABLE_MODULES = YES;
				CLANG_ENABLE_OBJC_ARC = YES;
				CLANG_ENABLE_OBJC_WEAK = YES;
				CLANG_WARN_BLOCK_CAPTURE_AUTORELEASING = YES;
				CLANG_WARN_BOOL_CONVERSION = YES;
				CLANG_WARN_COMMA = YES;
				CLANG_WARN_CONSTANT_CONVERSION = YES;
				CLANG_WARN_DEPRECATED_OBJC_IMPLEMENTATIONS = YES;
				CLANG_WARN_DIRECT_OBJC_ISA_USAGE = YES_ERROR;
				CLANG_WARN_DOCUMENTATION_COMMENTS = YES;
				CLANG_WARN_EMPTY_BODY = YES;
				CLANG_WARN_ENUM_CONVERSION = YES;
				CLANG_WARN_INFINITE_RECURSION = YES;
				CLANG_WARN_INT_CONVERSION = YES;
				CLANG_WARN_NON_LITERAL_NULL_CONVERSION = YES;
				CLANG_WARN_OBJC_IMPLICIT_RETAIN_SELF = YES;
				CLANG_WARN_OBJC_LITERAL_CONVERSION = YES;
				CLANG_WARN_OBJC_ROOT_CLASS = YES_ERROR;
				CLANG_WARN_QUOTED_INCLUDE_IN_FRAMEWORK_HEADER = YES;
				CLANG_WARN_RANGE_LOOP_ANALYSIS = YES;
				CLANG_WARN_STRICT_PROTOTYPES = YES;
				CLANG_WARN_SUSPICIOUS_MOVE = YES;
				CLANG_WARN_UNGUARDED_AVAILABILITY = YES_AGGRESSIVE;
				CLANG_WARN_UNREACHABLE_CODE = YES;
				CLANG_WARN__DUPLICATE_METHOD_MATCH = YES;
				COPY_PHASE_STRIP = NO;
				DEBUG_INFORMATION_FORMAT = dwarf;
				ENABLE_STRICT_OBJC_MSGSEND = YES;
				ENABLE_TESTABILITY = YES;
				GCC_C_LANGUAGE_STANDARD = gnu11;
				GCC_DYNAMIC_NO_PIC = NO;
				GCC_NO_COMMON_BLOCKS = YES;
				GCC_OPTIMIZATION_LEVEL = 0;
				GCC_PREPROCESSOR_DEFINITIONS = (
					"DEBUG=1",
					"$(inherited)",
				);
				GCC_WARN_64_TO_32_BIT_CONVERSION = YES;
				GCC_WARN_ABOUT_RETURN_TYPE = YES_ERROR;
				GCC_WARN_UNDECLARED_SELECTOR = YES;
				GCC_WARN_UNINITIALIZED_AUTOS = YES_AGGRESSIVE;
				GCC_WARN_UNUSED_FUNCTION = YES;
				GCC_WARN_UNUSED_VARIABLE = YES;
				MTL_ENABLE_DEBUG_INFO = INCLUDE_SOURCE;
				MTL_FAST_MATH = YES;
				ONLY_ACTIVE_ARCH = YES;
				SWIFT_ACTIVE_COMPILATION_CONDITIONS = DEBUG;
				SWIFT_OPTIMIZATION_LEVEL = "-Onone";
			};
			name = Debug;
		};
		E8D847092706CB3300C7B0EC /* Release */ = {
			isa = XCBuildConfiguration;
			buildSettings = {
				ALWAYS_SEARCH_USER_PATHS = NO;
				CLANG_ANALYZER_NONNULL = YES;
				CLANG_ANALYZER_NUMBER_OBJECT_CONVERSION = YES_AGGRESSIVE;
				CLANG_CXX_LANGUAGE_STANDARD = "gnu++17";
				CLANG_CXX_LIBRARY = "libc++";
				CLANG_ENABLE_MODULES = YES;
				CLANG_ENABLE_OBJC_ARC = YES;
				CLANG_ENABLE_OBJC_WEAK = YES;
				CLANG_WARN_BLOCK_CAPTURE_AUTORELEASING = YES;
				CLANG_WARN_BOOL_CONVERSION = YES;
				CLANG_WARN_COMMA = YES;
				CLANG_WARN_CONSTANT_CONVERSION = YES;
				CLANG_WARN_DEPRECATED_OBJC_IMPLEMENTATIONS = YES;
				CLANG_WARN_DIRECT_OBJC_ISA_USAGE = YES_ERROR;
				CLANG_WARN_DOCUMENTATION_COMMENTS = YES;
				CLANG_WARN_EMPTY_BODY = YES;
				CLANG_WARN_ENUM_CONVERSION = YES;
				CLANG_WARN_INFINITE_RECURSION = YES;
				CLANG_WARN_INT_CONVERSION = YES;
				CLANG_WARN_NON_LITERAL_NULL_CONVERSION = YES;
				CLANG_WARN_OBJC_IMPLICIT_RETAIN_SELF = YES;
				CLANG_WARN_OBJC_LITERAL_CONVERSION = YES;
				CLANG_WARN_OBJC_ROOT_CLASS = YES_ERROR;
				CLANG_WARN_QUOTED_INCLUDE_IN_FRAMEWORK_HEADER = YES;
				CLANG_WARN_RANGE_LOOP_ANALYSIS = YES;
				CLANG_WARN_STRICT_PROTOTYPES = YES;
				CLANG_WARN_SUSPICIOUS_MOVE = YES;
				CLANG_WARN_UNGUARDED_AVAILABILITY = YES_AGGRESSIVE;
				CLANG_WARN_UNREACHABLE_CODE = YES;
				CLANG_WARN__DUPLICATE_METHOD_MATCH = YES;
				COPY_PHASE_STRIP = NO;
				DEBUG_INFORMATION_FORMAT = "dwarf-with-dsym";
				ENABLE_NS_ASSERTIONS = NO;
				ENABLE_STRICT_OBJC_MSGSEND = YES;
				GCC_C_LANGUAGE_STANDARD = gnu11;
				GCC_NO_COMMON_BLOCKS = YES;
				GCC_WARN_64_TO_32_BIT_CONVERSION = YES;
				GCC_WARN_ABOUT_RETURN_TYPE = YES_ERROR;
				GCC_WARN_UNDECLARED_SELECTOR = YES;
				GCC_WARN_UNINITIALIZED_AUTOS = YES_AGGRESSIVE;
				GCC_WARN_UNUSED_FUNCTION = YES;
				GCC_WARN_UNUSED_VARIABLE = YES;
				MTL_ENABLE_DEBUG_INFO = NO;
				MTL_FAST_MATH = YES;
				SWIFT_COMPILATION_MODE = wholemodule;
				SWIFT_OPTIMIZATION_LEVEL = "-O";
			};
			name = Release;
		};
		E8D8470B2706CB3300C7B0EC /* Debug */ = {
			isa = XCBuildConfiguration;
			buildSettings = {
				ASSETCATALOG_COMPILER_APPICON_NAME = AppIcon;
				ASSETCATALOG_COMPILER_GLOBAL_ACCENT_COLOR_NAME = AccentColor;
				CODE_SIGN_STYLE = Automatic;
				CURRENT_PROJECT_VERSION = 1;
				DEVELOPMENT_TEAM = Y65JAZKR5L;
				ENABLE_PREVIEWS = YES;
				GENERATE_INFOPLIST_FILE = YES;
				INFOPLIST_KEY_UIApplicationSceneManifest_Generation = YES;
				INFOPLIST_KEY_UIApplicationSupportsIndirectInputEvents = YES;
				INFOPLIST_KEY_UILaunchScreen_Generation = YES;
				INFOPLIST_KEY_UISupportedInterfaceOrientations_iPad = "UIInterfaceOrientationPortrait UIInterfaceOrientationPortraitUpsideDown UIInterfaceOrientationLandscapeLeft UIInterfaceOrientationLandscapeRight";
				INFOPLIST_KEY_UISupportedInterfaceOrientations_iPhone = "UIInterfaceOrientationPortrait UIInterfaceOrientationLandscapeLeft UIInterfaceOrientationLandscapeRight";
				IPHONEOS_DEPLOYMENT_TARGET = 14.0;
				LD_RUNPATH_SEARCH_PATHS = (
					"$(inherited)",
					"@executable_path/Frameworks",
				);
				MARKETING_VERSION = 1.0;
				PRODUCT_BUNDLE_IDENTIFIER = com.devmeist3r.LifecycleDemo;
				PRODUCT_NAME = LifecycleDemo;
				SDKROOT = iphoneos;
				SWIFT_EMIT_LOC_STRINGS = YES;
				SWIFT_VERSION = 5.0;
				TARGETED_DEVICE_FAMILY = "1,2";
			};
			name = Debug;
		};
		E8D8470C2706CB3300C7B0EC /* Release */ = {
			isa = XCBuildConfiguration;
			buildSettings = {
				ASSETCATALOG_COMPILER_APPICON_NAME = AppIcon;
				ASSETCATALOG_COMPILER_GLOBAL_ACCENT_COLOR_NAME = AccentColor;
				CODE_SIGN_STYLE = Automatic;
				CURRENT_PROJECT_VERSION = 1;
				DEVELOPMENT_TEAM = Y65JAZKR5L;
				ENABLE_PREVIEWS = YES;
				GENERATE_INFOPLIST_FILE = YES;
				INFOPLIST_KEY_UIApplicationSceneManifest_Generation = YES;
				INFOPLIST_KEY_UIApplicationSupportsIndirectInputEvents = YES;
				INFOPLIST_KEY_UILaunchScreen_Generation = YES;
				INFOPLIST_KEY_UISupportedInterfaceOrientations_iPad = "UIInterfaceOrientationPortrait UIInterfaceOrientationPortraitUpsideDown UIInterfaceOrientationLandscapeLeft UIInterfaceOrientationLandscapeRight";
				INFOPLIST_KEY_UISupportedInterfaceOrientations_iPhone = "UIInterfaceOrientationPortrait UIInterfaceOrientationLandscapeLeft UIInterfaceOrientationLandscapeRight";
				IPHONEOS_DEPLOYMENT_TARGET = 14.0;
				LD_RUNPATH_SEARCH_PATHS = (
					"$(inherited)",
					"@executable_path/Frameworks",
				);
				MARKETING_VERSION = 1.0;
				PRODUCT_BUNDLE_IDENTIFIER = com.devmeist3r.LifecycleDemo;
				PRODUCT_NAME = LifecycleDemo;
				SDKROOT = iphoneos;
				SWIFT_EMIT_LOC_STRINGS = YES;
				SWIFT_VERSION = 5.0;
				TARGETED_DEVICE_FAMILY = "1,2";
				VALIDATE_PRODUCT = YES;
			};
			name = Release;
		};
		E8D8470E2706CB3300C7B0EC /* Debug */ = {
			isa = XCBuildConfiguration;
			buildSettings = {
				ASSETCATALOG_COMPILER_APPICON_NAME = AppIcon;
				ASSETCATALOG_COMPILER_GLOBAL_ACCENT_COLOR_NAME = AccentColor;
				CODE_SIGN_ENTITLEMENTS = macOS/macOS.entitlements;
				CODE_SIGN_STYLE = Automatic;
				COMBINE_HIDPI_IMAGES = YES;
				CURRENT_PROJECT_VERSION = 1;
				DEVELOPMENT_TEAM = Y65JAZKR5L;
				ENABLE_HARDENED_RUNTIME = YES;
				ENABLE_PREVIEWS = YES;
				GENERATE_INFOPLIST_FILE = YES;
				INFOPLIST_KEY_NSHumanReadableCopyright = "";
				LD_RUNPATH_SEARCH_PATHS = (
					"$(inherited)",
					"@executable_path/../Frameworks",
				);
				MACOSX_DEPLOYMENT_TARGET = 11.0;
				MARKETING_VERSION = 1.0;
				PRODUCT_BUNDLE_IDENTIFIER = com.devmeist3r.LifecycleDemo;
				PRODUCT_NAME = LifecycleDemo;
				SDKROOT = macosx;
				SWIFT_EMIT_LOC_STRINGS = YES;
				SWIFT_VERSION = 5.0;
			};
			name = Debug;
		};
		E8D8470F2706CB3300C7B0EC /* Release */ = {
			isa = XCBuildConfiguration;
			buildSettings = {
				ASSETCATALOG_COMPILER_APPICON_NAME = AppIcon;
				ASSETCATALOG_COMPILER_GLOBAL_ACCENT_COLOR_NAME = AccentColor;
				CODE_SIGN_ENTITLEMENTS = macOS/macOS.entitlements;
				CODE_SIGN_STYLE = Automatic;
				COMBINE_HIDPI_IMAGES = YES;
				CURRENT_PROJECT_VERSION = 1;
				DEVELOPMENT_TEAM = Y65JAZKR5L;
				ENABLE_HARDENED_RUNTIME = YES;
				ENABLE_PREVIEWS = YES;
				GENERATE_INFOPLIST_FILE = YES;
				INFOPLIST_KEY_NSHumanReadableCopyright = "";
				LD_RUNPATH_SEARCH_PATHS = (
					"$(inherited)",
					"@executable_path/../Frameworks",
				);
				MACOSX_DEPLOYMENT_TARGET = 11.0;
				MARKETING_VERSION = 1.0;
				PRODUCT_BUNDLE_IDENTIFIER = com.devmeist3r.LifecycleDemo;
				PRODUCT_NAME = LifecycleDemo;
				SDKROOT = macosx;
				SWIFT_EMIT_LOC_STRINGS = YES;
				SWIFT_VERSION = 5.0;
			};
			name = Release;
		};
/* End XCBuildConfiguration section */

/* Begin XCConfigurationList section */
		E8D846F02706CB2F00C7B0EC /* Build configuration list for PBXProject "LifecycleDemo" */ = {
			isa = XCConfigurationList;
			buildConfigurations = (
				E8D847082706CB3300C7B0EC /* Debug */,
				E8D847092706CB3300C7B0EC /* Release */,
			);
			defaultConfigurationIsVisible = 0;
			defaultConfigurationName = Release;
		};
		E8D8470A2706CB3300C7B0EC /* Build configuration list for PBXNativeTarget "LifecycleDemo (iOS)" */ = {
			isa = XCConfigurationList;
			buildConfigurations = (
				E8D8470B2706CB3300C7B0EC /* Debug */,
				E8D8470C2706CB3300C7B0EC /* Release */,
			);
			defaultConfigurationIsVisible = 0;
			defaultConfigurationName = Release;
		};
		E8D8470D2706CB3300C7B0EC /* Build configuration list for PBXNativeTarget "LifecycleDemo (macOS)" */ = {
			isa = XCConfigurationList;
			buildConfigurations = (
				E8D8470E2706CB3300C7B0EC /* Debug */,
				E8D8470F2706CB3300C7B0EC /* Release */,
			);
			defaultConfigurationIsVisible = 0;
			defaultConfigurationName = Release;
		};
/* End XCConfigurationList section */
	};
	rootObject = E8D846ED2706CB2F00C7B0EC /* Project object */;
}
